// !$*UTF8*$!
{
	archiveVersion = 1;
	classes = {
	};
	objectVersion = 50;
	objects = {

/* Begin PBXBuildFile section */
		A33A03CF2378FBC4003E09B1 /* AppDelegate.m in Sources */ = {isa = PBXBuildFile; fileRef = A33A03CE2378FBC4003E09B1 /* AppDelegate.m */; };
		A33A03D22378FBC4003E09B1 /* SceneDelegate.m in Sources */ = {isa = PBXBuildFile; fileRef = A33A03D12378FBC4003E09B1 /* SceneDelegate.m */; };
		A33A03D82378FBC4003E09B1 /* Main.storyboard in Resources */ = {isa = PBXBuildFile; fileRef = A33A03D62378FBC4003E09B1 /* Main.storyboard */; };
		A33A03DA2378FBC6003E09B1 /* Assets.xcassets in Resources */ = {isa = PBXBuildFile; fileRef = A33A03D92378FBC6003E09B1 /* Assets.xcassets */; };
		A33A03DD2378FBC6003E09B1 /* LaunchScreen.storyboard in Resources */ = {isa = PBXBuildFile; fileRef = A33A03DB2378FBC6003E09B1 /* LaunchScreen.storyboard */; };
		A33A03E02378FBC6003E09B1 /* main.m in Sources */ = {isa = PBXBuildFile; fileRef = A33A03DF2378FBC6003E09B1 /* main.m */; };
		A33A03EA2378FE7C003E09B1 /* DocumentsTableViewController.m in Sources */ = {isa = PBXBuildFile; fileRef = A33A03E92378FE7C003E09B1 /* DocumentsTableViewController.m */; };
		A33A03ED2378FE97003E09B1 /* DocumentAddViewController.m in Sources */ = {isa = PBXBuildFile; fileRef = A33A03EC2378FE97003E09B1 /* DocumentAddViewController.m */; };
/* End PBXBuildFile section */

/* Begin PBXFileReference section */
		A33A03CA2378FBC4003E09B1 /* Documents.app */ = {isa = PBXFileReference; explicitFileType = wrapper.application; includeInIndex = 0; path = Documents.app; sourceTree = BUILT_PRODUCTS_DIR; };
		A33A03CD2378FBC4003E09B1 /* AppDelegate.h */ = {isa = PBXFileReference; lastKnownFileType = sourcecode.c.h; path = AppDelegate.h; sourceTree = "<group>"; };
		A33A03CE2378FBC4003E09B1 /* AppDelegate.m */ = {isa = PBXFileReference; lastKnownFileType = sourcecode.c.objc; path = AppDelegate.m; sourceTree = "<group>"; };
		A33A03D02378FBC4003E09B1 /* SceneDelegate.h */ = {isa = PBXFileReference; lastKnownFileType = sourcecode.c.h; path = SceneDelegate.h; sourceTree = "<group>"; };
		A33A03D12378FBC4003E09B1 /* SceneDelegate.m */ = {isa = PBXFileReference; lastKnownFileType = sourcecode.c.objc; path = SceneDelegate.m; sourceTree = "<group>"; };
		A33A03D72378FBC4003E09B1 /* Base */ = {isa = PBXFileReference; lastKnownFileType = file.storyboard; name = Base; path = Base.lproj/Main.storyboard; sourceTree = "<group>"; };
		A33A03D92378FBC6003E09B1 /* Assets.xcassets */ = {isa = PBXFileReference; lastKnownFileType = folder.assetcatalog; path = Assets.xcassets; sourceTree = "<group>"; };
		A33A03DC2378FBC6003E09B1 /* Base */ = {isa = PBXFileReference; lastKnownFileType = file.storyboard; name = Base; path = Base.lproj/LaunchScreen.storyboard; sourceTree = "<group>"; };
		A33A03DE2378FBC6003E09B1 /* Info.plist */ = {isa = PBXFileReference; lastKnownFileType = text.plist.xml; path = Info.plist; sourceTree = "<group>"; };
		A33A03DF2378FBC6003E09B1 /* main.m */ = {isa = PBXFileReference; lastKnownFileType = sourcecode.c.objc; path = main.m; sourceTree = "<group>"; };
		A33A03E82378FE7C003E09B1 /* DocumentsTableViewController.h */ = {isa = PBXFileReference; lastKnownFileType = sourcecode.c.h; path = DocumentsTableViewController.h; sourceTree = "<group>"; };
		A33A03E92378FE7C003E09B1 /* DocumentsTableViewController.m */ = {isa = PBXFileReference; lastKnownFileType = sourcecode.c.objc; path = DocumentsTableViewController.m; sourceTree = "<group>"; };
		A33A03EB2378FE97003E09B1 /* DocumentAddViewController.h */ = {isa = PBXFileReference; lastKnownFileType = sourcecode.c.h; path = DocumentAddViewController.h; sourceTree = "<group>"; };
		A33A03EC2378FE97003E09B1 /* DocumentAddViewController.m */ = {isa = PBXFileReference; lastKnownFileType = sourcecode.c.objc; path = DocumentAddViewController.m; sourceTree = "<group>"; };
/* End PBXFileReference section */

/* Begin PBXFrameworksBuildPhase section */
		A33A03C72378FBC4003E09B1 /* Frameworks */ = {
			isa = PBXFrameworksBuildPhase;
			buildActionMask = 2147483647;
			files = (
			);
			runOnlyForDeploymentPostprocessing = 0;
		};
/* End PBXFrameworksBuildPhase section */

/* Begin PBXGroup section */
		A33A03C12378FBC4003E09B1 = {
			isa = PBXGroup;
			children = (
				A33A03CC2378FBC4003E09B1 /* Documents */,
				A33A03CB2378FBC4003E09B1 /* Products */,
			);
			sourceTree = "<group>";
		};
		A33A03CB2378FBC4003E09B1 /* Products */ = {
			isa = PBXGroup;
			children = (
				A33A03CA2378FBC4003E09B1 /* Documents.app */,
			);
			name = Products;
			sourceTree = "<group>";
		};
		A33A03CC2378FBC4003E09B1 /* Documents */ = {
			isa = PBXGroup;
			children = (
				A33A03E72378FE46003E09B1 /* View Controllers */,
				A33A03E62378FE1D003E09B1 /* Resources */,
				A33A03D62378FBC4003E09B1 /* Main.storyboard */,
			);
			path = Documents;
			sourceTree = "<group>";
		};
		A33A03E62378FE1D003E09B1 /* Resources */ = {
			isa = PBXGroup;
			children = (
				A33A03CD2378FBC4003E09B1 /* AppDelegate.h */,
				A33A03CE2378FBC4003E09B1 /* AppDelegate.m */,
				A33A03D02378FBC4003E09B1 /* SceneDelegate.h */,
				A33A03D12378FBC4003E09B1 /* SceneDelegate.m */,
				A33A03D92378FBC6003E09B1 /* Assets.xcassets */,
				A33A03DB2378FBC6003E09B1 /* LaunchScreen.storyboard */,
				A33A03DE2378FBC6003E09B1 /* Info.plist */,
				A33A03DF2378FBC6003E09B1 /* main.m */,
			);
			path = Resources;
			sourceTree = "<group>";
		};
		A33A03E72378FE46003E09B1 /* View Controllers */ = {
			isa = PBXGroup;
			children = (
				A33A03E82378FE7C003E09B1 /* DocumentsTableViewController.h */,
				A33A03E92378FE7C003E09B1 /* DocumentsTableViewController.m */,
				A33A03EB2378FE97003E09B1 /* DocumentAddViewController.h */,
				A33A03EC2378FE97003E09B1 /* DocumentAddViewController.m */,
			);
			path = "View Controllers";
			sourceTree = "<group>";
		};
/* End PBXGroup section */

/* Begin PBXNativeTarget section */
		A33A03C92378FBC4003E09B1 /* Documents */ = {
			isa = PBXNativeTarget;
			buildConfigurationList = A33A03E32378FBC6003E09B1 /* Build configuration list for PBXNativeTarget "Documents" */;
			buildPhases = (
				A33A03C62378FBC4003E09B1 /* Sources */,
				A33A03C72378FBC4003E09B1 /* Frameworks */,
				A33A03C82378FBC4003E09B1 /* Resources */,
			);
			buildRules = (
			);
			dependencies = (
			);
			name = Documents;
			productName = Documents;
			productReference = A33A03CA2378FBC4003E09B1 /* Documents.app */;
			productType = "com.apple.product-type.application";
		};
/* End PBXNativeTarget section */

/* Begin PBXProject section */
		A33A03C22378FBC4003E09B1 /* Project object */ = {
			isa = PBXProject;
			attributes = {
				LastUpgradeCheck = 1110;
				ORGANIZATIONNAME = "Stephanie Bowles";
				TargetAttributes = {
					A33A03C92378FBC4003E09B1 = {
						CreatedOnToolsVersion = 11.1;
					};
				};
			};
			buildConfigurationList = A33A03C52378FBC4003E09B1 /* Build configuration list for PBXProject "Documents" */;
			compatibilityVersion = "Xcode 9.3";
			developmentRegion = en;
			hasScannedForEncodings = 0;
			knownRegions = (
				en,
				Base,
			);
			mainGroup = A33A03C12378FBC4003E09B1;
			productRefGroup = A33A03CB2378FBC4003E09B1 /* Products */;
			projectDirPath = "";
			projectRoot = "";
			targets = (
				A33A03C92378FBC4003E09B1 /* Documents */,
			);
		};
/* End PBXProject section */

/* Begin PBXResourcesBuildPhase section */
		A33A03C82378FBC4003E09B1 /* Resources */ = {
			isa = PBXResourcesBuildPhase;
			buildActionMask = 2147483647;
			files = (
				A33A03DD2378FBC6003E09B1 /* LaunchScreen.storyboard in Resources */,
				A33A03DA2378FBC6003E09B1 /* Assets.xcassets in Resources */,
				A33A03D82378FBC4003E09B1 /* Main.storyboard in Resources */,
			);
			runOnlyForDeploymentPostprocessing = 0;
		};
/* End PBXResourcesBuildPhase section */

/* Begin PBXSourcesBuildPhase section */
		A33A03C62378FBC4003E09B1 /* Sources */ = {
			isa = PBXSourcesBuildPhase;
			buildActionMask = 2147483647;
			files = (
				A33A03CF2378FBC4003E09B1 /* AppDelegate.m in Sources */,
				A33A03E02378FBC6003E09B1 /* main.m in Sources */,
				A33A03EA2378FE7C003E09B1 /* DocumentsTableViewController.m in Sources */,
				A33A03ED2378FE97003E09B1 /* DocumentAddViewController.m in Sources */,
				A33A03D22378FBC4003E09B1 /* SceneDelegate.m in Sources */,
			);
			runOnlyForDeploymentPostprocessing = 0;
		};
/* End PBXSourcesBuildPhase section */

/* Begin PBXVariantGroup section */
		A33A03D62378FBC4003E09B1 /* Main.storyboard */ = {
			isa = PBXVariantGroup;
			children = (
				A33A03D72378FBC4003E09B1 /* Base */,
			);
			name = Main.storyboard;
			sourceTree = "<group>";
		};
		A33A03DB2378FBC6003E09B1 /* LaunchScreen.storyboard */ = {
			isa = PBXVariantGroup;
			children = (
				A33A03DC2378FBC6003E09B1 /* Base */,
			);
			name = LaunchScreen.storyboard;
			sourceTree = "<group>";
		};
/* End PBXVariantGroup section */

/* Begin XCBuildConfiguration section */
		A33A03E12378FBC6003E09B1 /* Debug */ = {
			isa = XCBuildConfiguration;
			buildSettings = {
				ALWAYS_SEARCH_USER_PATHS = NO;
				CLANG_ANALYZER_NONNULL = YES;
				CLANG_ANALYZER_NUMBER_OBJECT_CONVERSION = YES_AGGRESSIVE;
				CLANG_CXX_LANGUAGE_STANDARD = "gnu++14";
				CLANG_CXX_LIBRARY = "libc++";
				CLANG_ENABLE_MODULES = YES;
				CLANG_ENABLE_OBJC_ARC = YES;
				CLANG_ENABLE_OBJC_WEAK = YES;
				CLANG_WARN_BLOCK_CAPTURE_AUTORELEASING = YES;
				CLANG_WARN_BOOL_CONVERSION = YES;
				CLANG_WARN_COMMA = YES;
				CLANG_WARN_CONSTANT_CONVERSION = YES;
				CLANG_WARN_DEPRECATED_OBJC_IMPLEMENTATIONS = YES;
				CLANG_WARN_DIRECT_OBJC_ISA_USAGE = YES_ERROR;
				CLANG_WARN_DOCUMENTATION_COMMENTS = YES;
				CLANG_WARN_EMPTY_BODY = YES;
				CLANG_WARN_ENUM_CONVERSION = YES;
				CLANG_WARN_INFINITE_RECURSION = YES;
				CLANG_WARN_INT_CONVERSION = YES;
				CLANG_WARN_NON_LITERAL_NULL_CONVERSION = YES;
				CLANG_WARN_OBJC_IMPLICIT_RETAIN_SELF = YES;
				CLANG_WARN_OBJC_LITERAL_CONVERSION = YES;
				CLANG_WARN_OBJC_ROOT_CLASS = YES_ERROR;
				CLANG_WARN_RANGE_LOOP_ANALYSIS = YES;
				CLANG_WARN_STRICT_PROTOTYPES = YES;
				CLANG_WARN_SUSPICIOUS_MOVE = YES;
				CLANG_WARN_UNGUARDED_AVAILABILITY = YES_AGGRESSIVE;
				CLANG_WARN_UNREACHABLE_CODE = YES;
				CLANG_WARN__DUPLICATE_METHOD_MATCH = YES;
				COPY_PHASE_STRIP = NO;
				DEBUG_INFORMATION_FORMAT = dwarf;
				ENABLE_STRICT_OBJC_MSGSEND = YES;
				ENABLE_TESTABILITY = YES;
				GCC_C_LANGUAGE_STANDARD = gnu11;
				GCC_DYNAMIC_NO_PIC = NO;
				GCC_NO_COMMON_BLOCKS = YES;
				GCC_OPTIMIZATION_LEVEL = 0;
				GCC_PREPROCESSOR_DEFINITIONS = (
					"DEBUG=1",
					"$(inherited)",
				);
				GCC_WARN_64_TO_32_BIT_CONVERSION = YES;
				GCC_WARN_ABOUT_RETURN_TYPE = YES_ERROR;
				GCC_WARN_UNDECLARED_SELECTOR = YES;
				GCC_WARN_UNINITIALIZED_AUTOS = YES_AGGRESSIVE;
				GCC_WARN_UNUSED_FUNCTION = YES;
				GCC_WARN_UNUSED_VARIABLE = YES;
				IPHONEOS_DEPLOYMENT_TARGET = 13.1;
				MTL_ENABLE_DEBUG_INFO = INCLUDE_SOURCE;
				MTL_FAST_MATH = YES;
				ONLY_ACTIVE_ARCH = YES;
				SDKROOT = iphoneos;
			};
			name = Debug;
		};
		A33A03E22378FBC6003E09B1 /* Release */ = {
			isa = XCBuildConfiguration;
			buildSettings = {
				ALWAYS_SEARCH_USER_PATHS = NO;
				CLANG_ANALYZER_NONNULL = YES;
				CLANG_ANALYZER_NUMBER_OBJECT_CONVERSION = YES_AGGRESSIVE;
				CLANG_CXX_LANGUAGE_STANDARD = "gnu++14";
				CLANG_CXX_LIBRARY = "libc++";
				CLANG_ENABLE_MODULES = YES;
				CLANG_ENABLE_OBJC_ARC = YES;
				CLANG_ENABLE_OBJC_WEAK = YES;
				CLANG_WARN_BLOCK_CAPTURE_AUTORELEASING = YES;
				CLANG_WARN_BOOL_CONVERSION = YES;
				CLANG_WARN_COMMA = YES;
				CLANG_WARN_CONSTANT_CONVERSION = YES;
				CLANG_WARN_DEPRECATED_OBJC_IMPLEMENTATIONS = YES;
				CLANG_WARN_DIRECT_OBJC_ISA_USAGE = YES_ERROR;
				CLANG_WARN_DOCUMENTATION_COMMENTS = YES;
				CLANG_WARN_EMPTY_BODY = YES;
				CLANG_WARN_ENUM_CONVERSION = YES;
				CLANG_WARN_INFINITE_RECURSION = YES;
				CLANG_WARN_INT_CONVERSION = YES;
				CLANG_WARN_NON_LITERAL_NULL_CONVERSION = YES;
				CLANG_WARN_OBJC_IMPLICIT_RETAIN_SELF = YES;
				CLANG_WARN_OBJC_LITERAL_CONVERSION = YES;
				CLANG_WARN_OBJC_ROOT_CLASS = YES_ERROR;
				CLANG_WARN_RANGE_LOOP_ANALYSIS = YES;
				CLANG_WARN_STRICT_PROTOTYPES = YES;
				CLANG_WARN_SUSPICIOUS_MOVE = YES;
				CLANG_WARN_UNGUARDED_AVAILABILITY = YES_AGGRESSIVE;
				CLANG_WARN_UNREACHABLE_CODE = YES;
				CLANG_WARN__DUPLICATE_METHOD_MATCH = YES;
				COPY_PHASE_STRIP = NO;
				DEBUG_INFORMATION_FORMAT = "dwarf-with-dsym";
				ENABLE_NS_ASSERTIONS = NO;
				ENABLE_STRICT_OBJC_MSGSEND = YES;
				GCC_C_LANGUAGE_STANDARD = gnu11;
				GCC_NO_COMMON_BLOCKS = YES;
				GCC_WARN_64_TO_32_BIT_CONVERSION = YES;
				GCC_WARN_ABOUT_RETURN_TYPE = YES_ERROR;
				GCC_WARN_UNDECLARED_SELECTOR = YES;
				GCC_WARN_UNINITIALIZED_AUTOS = YES_AGGRESSIVE;
				GCC_WARN_UNUSED_FUNCTION = YES;
				GCC_WARN_UNUSED_VARIABLE = YES;
				IPHONEOS_DEPLOYMENT_TARGET = 13.1;
				MTL_ENABLE_DEBUG_INFO = NO;
				MTL_FAST_MATH = YES;
				SDKROOT = iphoneos;
				VALIDATE_PRODUCT = YES;
			};
			name = Release;
		};
		A33A03E42378FBC6003E09B1 /* Debug */ = {
			isa = XCBuildConfiguration;
			buildSettings = {
				ASSETCATALOG_COMPILER_APPICON_NAME = AppIcon;
				CODE_SIGN_STYLE = Automatic;
				INFOPLIST_FILE = Documents/Info.plist;
				LD_RUNPATH_SEARCH_PATHS = (
					"$(inherited)",
					"@executable_path/Frameworks",
				);
				PRODUCT_BUNDLE_IDENTIFIER = demo.Documents;
				PRODUCT_NAME = "$(TARGET_NAME)";
				TARGETED_DEVICE_FAMILY = "1,2";
			};
			name = Debug;
		};
		A33A03E52378FBC6003E09B1 /* Release */ = {
			isa = XCBuildConfiguration;
			buildSettings = {
				ASSETCATALOG_COMPILER_APPICON_NAME = AppIcon;
				CODE_SIGN_STYLE = Automatic;
				INFOPLIST_FILE = Documents/Info.plist;
				LD_RUNPATH_SEARCH_PATHS = (
					"$(inherited)",
					"@executable_path/Frameworks",
				);
				PRODUCT_BUNDLE_IDENTIFIER = demo.Documents;
				PRODUCT_NAME = "$(TARGET_NAME)";
				TARGETED_DEVICE_FAMILY = "1,2";
			};
			name = Release;
		};
/* End XCBuildConfiguration section */

/* Begin XCConfigurationList section */
		A33A03C52378FBC4003E09B1 /* Build configuration list for PBXProject "Documents" */ = {
			isa = XCConfigurationList;
			buildConfigurations = (
				A33A03E12378FBC6003E09B1 /* Debug */,
				A33A03E22378FBC6003E09B1 /* Release */,
			);
			defaultConfigurationIsVisible = 0;
			defaultConfigurationName = Release;
		};
		A33A03E32378FBC6003E09B1 /* Build configuration list for PBXNativeTarget "Documents" */ = {
			isa = XCConfigurationList;
			buildConfigurations = (
				A33A03E42378FBC6003E09B1 /* Debug */,
				A33A03E52378FBC6003E09B1 /* Release */,
			);
			defaultConfigurationIsVisible = 0;
			defaultConfigurationName = Release;
		};
/* End XCConfigurationList section */
	};
	rootObject = A33A03C22378FBC4003E09B1 /* Project object */;
}
